
Microsoft Visual Studio Solution File, Format Version 12.00
# Visual Studio Version 16
VisualStudioVersion = 16.0.30309.148
MinimumVisualStudioVersion = 10.0.40219.1
Project("{9A19103F-16F7-4668-BE54-9A1E7A4F7556}") = "ProjectEuler", "ProjectEuler.csproj", "{60001E4C-100E-4D25-963D-68D4A58BBD2C}"
EndProject
Project("{9A19103F-16F7-4668-BE54-9A1E7A4F7556}") = "Multiples", "1 - Multiples\Multiples.csproj", "{9451ECCA-289A-4180-81B1-79858788D964}"
EndProject
Project("{9A19103F-16F7-4668-BE54-9A1E7A4F7556}") = "2 - Fibonacci numbers", "2 - Fibonacci numbers\2 - Fibonacci numbers.csproj", "{6BEBC316-386B-49CA-8591-141AD3E40F81}"
EndProject
Project("{9A19103F-16F7-4668-BE54-9A1E7A4F7556}") = "3 - Prime Factor", "3 - Prime Factor\3 - Prime Factor.csproj", "{870DA935-37AA-4104-8E34-CF950AEE0A4B}"
EndProject
Project("{9A19103F-16F7-4668-BE54-9A1E7A4F7556}") = "4 -Palindrome", "4 -Palindrome\4 -Palindrome.csproj", "{707AE10F-20B1-4F67-B80F-6CBEE1953EF4}"
EndProject
Global
	GlobalSection(SolutionConfigurationPlatforms) = preSolution
		Debug|Any CPU = Debug|Any CPU
		Release|Any CPU = Release|Any CPU
	EndGlobalSection
	GlobalSection(ProjectConfigurationPlatforms) = postSolution
		{60001E4C-100E-4D25-963D-68D4A58BBD2C}.Debug|Any CPU.ActiveCfg = Debug|Any CPU
		{60001E4C-100E-4D25-963D-68D4A58BBD2C}.Debug|Any CPU.Build.0 = Debug|Any CPU
		{60001E4C-100E-4D25-963D-68D4A58BBD2C}.Release|Any CPU.ActiveCfg = Release|Any CPU
		{60001E4C-100E-4D25-963D-68D4A58BBD2C}.Release|Any CPU.Build.0 = Release|Any CPU
		{9451ECCA-289A-4180-81B1-79858788D964}.Debug|Any CPU.ActiveCfg = Debug|Any CPU
		{9451ECCA-289A-4180-81B1-79858788D964}.Debug|Any CPU.Build.0 = Debug|Any CPU
		{9451ECCA-289A-4180-81B1-79858788D964}.Release|Any CPU.ActiveCfg = Release|Any CPU
		{9451ECCA-289A-4180-81B1-79858788D964}.Release|Any CPU.Build.0 = Release|Any CPU
		{6BEBC316-386B-49CA-8591-141AD3E40F81}.Debug|Any CPU.ActiveCfg = Debug|Any CPU
		{6BEBC316-386B-49CA-8591-141AD3E40F81}.Debug|Any CPU.Build.0 = Debug|Any CPU
		{6BEBC316-386B-49CA-8591-141AD3E40F81}.Release|Any CPU.ActiveCfg = Release|Any CPU
		{6BEBC316-386B-49CA-8591-141AD3E40F81}.Release|Any CPU.Build.0 = Release|Any CPU
		{870DA935-37AA-4104-8E34-CF950AEE0A4B}.Debug|Any CPU.ActiveCfg = Debug|Any CPU
		{870DA935-37AA-4104-8E34-CF950AEE0A4B}.Debug|Any CPU.Build.0 = Debug|Any CPU
		{870DA935-37AA-4104-8E34-CF950AEE0A4B}.Release|Any CPU.ActiveCfg = Release|Any CPU
		{870DA935-37AA-4104-8E34-CF950AEE0A4B}.Release|Any CPU.Build.0 = Release|Any CPU
		{707AE10F-20B1-4F67-B80F-6CBEE1953EF4}.Debug|Any CPU.ActiveCfg = Debug|Any CPU
		{707AE10F-20B1-4F67-B80F-6CBEE1953EF4}.Debug|Any CPU.Build.0 = Debug|Any CPU
		{707AE10F-20B1-4F67-B80F-6CBEE1953EF4}.Release|Any CPU.ActiveCfg = Release|Any CPU
		{707AE10F-20B1-4F67-B80F-6CBEE1953EF4}.Release|Any CPU.Build.0 = Release|Any CPU
	EndGlobalSection
	GlobalSection(SolutionProperties) = preSolution
		HideSolutionNode = FALSE
	EndGlobalSection
	GlobalSection(ExtensibilityGlobals) = postSolution
		SolutionGuid = {C4B8DDB2-A7A4-424B-922C-6AAA263259AD}
	EndGlobalSection
EndGlobal
